<Solution>
  <Project Path="backend/NexusBusinessHub.API/NexusBusinessHub.API.csproj" />
  <Project Path="backend/NexusBusinessHub.Application/NexusBusinessHub.Application.csproj" />
  <Project Path="backend/NexusBusinessHub.DataImporter/NexusBusinessHub.DataImporter.csproj" />
  <Project Path="backend/NexusBusinessHub.Domain/NexusBusinessHub.Domain.csproj" />
  <Project Path="backend/NexusBusinessHub.Infrastructure/NexusBusinessHub.Infrastructure.csproj" />
</Solution>
