{
  "name": "Nexus-Business-Hub",
  "lockfileVersion": 3,
  "requires": true,
  "packages": {
    "": {
      "dependencies": {
        "@fontsource/material-symbols-outlined": "^5.3.7",
        "bootstrap-icons": "^1.13.1"
      },
      "devDependencies": {
        "prettier": "^3.9.7"
      }
    },
    "node_modules/@fontsource/material-symbols-outlined": {
      "version": "5.3.7",
      "resolved": "https://registry.npmjs.org/@fontsource/material-symbols-outlined/-/material-symbols-outlined-5.3.7.tgz",
      "integrity": "sha512-kIFroO2nAB3jHyYlMCsiK6TTSXZUBEhnJssR5lgQXVrELwBFnAtQ7Z0r3tnClevpDtVyaUH6ylgbLbHhGjDyww==",
      "license": "OFL-1.1",
      "funding": {
        "url": "https://github.com/sponsors/ayuhito"
      }
    },
    "node_modules/bootstrap-icons": {
      "version": "1.13.1",
      "resolved": "https://registry.npmjs.org/bootstrap-icons/-/bootstrap-icons-1.13.1.tgz",
      "integrity": "sha512-ijombt4v6bv5CLeXvRWKy7CuM3TRTuPEuGaGKvTV5cz65rQSY8RQ2JcHt6b90cBBAC7s8fsf2EkQDldzCoXUjw==",
      "funding": [
        {
          "type": "github",
          "url": "https://github.com/sponsors/twbs"
        },
        {
          "type": "opencollective",
          "url": "https://opencollective.com/bootstrap"
        }
      ],
      "license": "MIT"
    },
    "node_modules/prettier": {
      "version": "3.9.7",
      "resolved": "https://registry.npmjs.org/prettier/-/prettier-3.9.7.tgz",
      "integrity": "sha512-T3mF5P7HFzZVLDQuCUNtJj6WK1pcpLMweMNUVwGb01bLNkH9AkKxtZvmInw8K6bnn2O3d6/5RHl6zSHiBAD0Og==",
      "dev": true,
      "license": "MIT",
      "bin": {
        "prettier": "bin/prettier.cjs"
      },
      "engines": {
        "node": ">=14"
      },
      "funding": {
        "url": "https://github.com/prettier/prettier?sponsor=1"
      }
    }
  }
}
