<Solution>
  <Project Path="NexusBusinessHub.API/NexusBusinessHub.API.csproj" />
  <Project Path="NexusBusinessHub.Application/NexusBusinessHub.Application.csproj" />
  <Project Path="NexusBusinessHub.Domain/NexusBusinessHub.Domain.csproj" />
  <Project Path="NexusBusinessHub.Infrastructure/NexusBusinessHub.Infrastructure.csproj" />
</Solution>
